
Microsoft Visual Studio Solution File, Format Version 12.00
# Visual Studio Version 17
VisualStudioVersion = 17.10.35027.167
MinimumVisualStudioVersion = 10.0.40219.1
Project("{FAE04EC0-301F-11D3-BF4B-00C04F79EFBC}") = "Sampas_Mobil_Etkinlik", "Sampas_Mobil_Etkinlik.csproj", "{C7DC1570-4A02-4D7A-861E-03017FCC0492}"
EndProject
Global
	GlobalSection(SolutionConfigurationPlatforms) = preSolution
		Debug|Any CPU = Debug|Any CPU
		Release|Any CPU = Release|Any CPU
	EndGlobalSection
	GlobalSection(ProjectConfigurationPlatforms) = postSolution
		{C7DC1570-4A02-4D7A-861E-03017FCC0492}.Debug|Any CPU.ActiveCfg = Debug|Any CPU
		{C7DC1570-4A02-4D7A-861E-03017FCC0492}.Debug|Any CPU.Build.0 = Debug|Any CPU
		{C7DC1570-4A02-4D7A-861E-03017FCC0492}.Release|Any CPU.ActiveCfg = Release|Any CPU
		{C7DC1570-4A02-4D7A-861E-03017FCC0492}.Release|Any CPU.Build.0 = Release|Any CPU
	EndGlobalSection
	GlobalSection(SolutionProperties) = preSolution
		HideSolutionNode = FALSE
	EndGlobalSection
	GlobalSection(ExtensibilityGlobals) = postSolution
		SolutionGuid = {838EDB98-2D96-4A31-B0B6-DF2BC2804B56}
	EndGlobalSection
EndGlobal
